# THIS IS AN AUTOGENERATED FILE. DO NOT EDIT THIS FILE DIRECTLY.
# yarn lockfile v1


"@werkzeugkiste/prettier-config@^1.0.1":
  version "1.0.1"
  resolved "https://registry.yarnpkg.com/@werkzeugkiste/prettier-config/-/prettier-config-1.0.1.tgz#9964672980311ae7013a6cd71f9244d820b2368b"
  integrity sha512-IEfi/NV06d7EsRkqsnB8+1it8KEr+bJmXQwh1ngiPMsKr/9yHZOdjfrFTPxbxPP14Y3Ce25KSrkZ5ME/5L2TzA==

prettier@^1.18.2:
  version "1.18.2"
  resolved "https://registry.yarnpkg.com/prettier/-/prettier-1.18.2.tgz#6823e7c5900017b4bd3acf46fe9ac4b4d7bda9ea"
  integrity sha512-OeHeMc0JhFE9idD4ZdtNibzY0+TPHSpSSb9h8FqtP+YnoZZ1sl8Vc9b1sasjfymH3SonAF4QcA2+mzHPhMvIiw==
