# THIS IS AN AUTOGENERATED FILE. DO NOT EDIT THIS FILE DIRECTLY.
# yarn lockfile v1


"@werkzeugkiste/prettier-config@^1.0.0-beta.0":
  version "1.0.0-beta.0"
  resolved "https://registry.yarnpkg.com/@werkzeugkiste/prettier-config/-/prettier-config-1.0.0-beta.0.tgz#c6a6a54d2b38f7d2444a0ca4d5c84f7bef94e42f"
  integrity sha512-HZMhxjw5bbFy6QQfUI8it6VrdQ1P05d1FdF1nsBgtV/o6SnkWO9ut/xjKokd45ixNLtjZS4nbN6RayiMKzx77w==

prettier@^1.18.2:
  version "1.18.2"
  resolved "https://registry.yarnpkg.com/prettier/-/prettier-1.18.2.tgz#6823e7c5900017b4bd3acf46fe9ac4b4d7bda9ea"
  integrity sha512-OeHeMc0JhFE9idD4ZdtNibzY0+TPHSpSSb9h8FqtP+YnoZZ1sl8Vc9b1sasjfymH3SonAF4QcA2+mzHPhMvIiw==
